// !$*UTF8*$!
{
	archiveVersion = 1;
	classes = {
	};
	objectVersion = 55;
	objects = {

/* Begin PBXBuildFile section */
		C52737CF27619F26003DBD70 /* SimpleWeatherApp.swift in Sources */ = {isa = PBXBuildFile; fileRef = C52737CE27619F26003DBD70 /* SimpleWeatherApp.swift */; };
		C52737D327619F27003DBD70 /* Assets.xcassets in Resources */ = {isa = PBXBuildFile; fileRef = C52737D227619F27003DBD70 /* Assets.xcassets */; };
		C52737D627619F27003DBD70 /* Preview Assets.xcassets in Resources */ = {isa = PBXBuildFile; fileRef = C52737D527619F27003DBD70 /* Preview Assets.xcassets */; };
		C52737DE27619FDE003DBD70 /* CoreDataController.swift in Sources */ = {isa = PBXBuildFile; fileRef = C52737DD27619FDE003DBD70 /* CoreDataController.swift */; };
		C52737E22761A01E003DBD70 /* LoadingIndicator.swift in Sources */ = {isa = PBXBuildFile; fileRef = C52737E12761A01E003DBD70 /* LoadingIndicator.swift */; };
		C52737EA2761A090003DBD70 /* View+Extensions.swift in Sources */ = {isa = PBXBuildFile; fileRef = C52737E92761A090003DBD70 /* View+Extensions.swift */; };
		C52737F12761A0F5003DBD70 /* ForecastAPIClient.swift in Sources */ = {isa = PBXBuildFile; fileRef = C52737F02761A0F5003DBD70 /* ForecastAPIClient.swift */; };
		C52737F42761A121003DBD70 /* CityForecastDataModel.swift in Sources */ = {isa = PBXBuildFile; fileRef = C52737F32761A121003DBD70 /* CityForecastDataModel.swift */; };
		C52737F92761A154003DBD70 /* CityForecastView.swift in Sources */ = {isa = PBXBuildFile; fileRef = C52737F82761A154003DBD70 /* CityForecastView.swift */; };
		C52737FB2761A161003DBD70 /* CityForecastViewModel.swift in Sources */ = {isa = PBXBuildFile; fileRef = C52737FA2761A161003DBD70 /* CityForecastViewModel.swift */; };
		C52737FE2761A38E003DBD70 /* CityInfo.xcdatamodeld in Sources */ = {isa = PBXBuildFile; fileRef = C52737FC2761A38E003DBD70 /* CityInfo.xcdatamodeld */; };
		C52738012761BB09003DBD70 /* SearchHistoryView.swift in Sources */ = {isa = PBXBuildFile; fileRef = C52738002761BB09003DBD70 /* SearchHistoryView.swift */; };
		C52738042761BEA4003DBD70 /* CityDetailView.swift in Sources */ = {isa = PBXBuildFile; fileRef = C52738032761BEA4003DBD70 /* CityDetailView.swift */; };
		C5273806276230D4003DBD70 /* CityDetailViewModel.swift in Sources */ = {isa = PBXBuildFile; fileRef = C5273805276230D4003DBD70 /* CityDetailViewModel.swift */; };
		C527380827623263003DBD70 /* MapView.swift in Sources */ = {isa = PBXBuildFile; fileRef = C527380727623263003DBD70 /* MapView.swift */; };
		C527380C27623DDB003DBD70 /* Date+Extensions.swift in Sources */ = {isa = PBXBuildFile; fileRef = C527380B27623DDB003DBD70 /* Date+Extensions.swift */; };
		C5408F05276F6FA500CF7847 /* SearchHistoryViewModel.swift in Sources */ = {isa = PBXBuildFile; fileRef = C5408F04276F6FA500CF7847 /* SearchHistoryViewModel.swift */; };
		C54277892772BEF600FC39EB /* Array+Extensions.swift in Sources */ = {isa = PBXBuildFile; fileRef = C54277882772BEF600FC39EB /* Array+Extensions.swift */; };
		C5D23B99277146C200AE3F47 /* CoreDataRepository.swift in Sources */ = {isa = PBXBuildFile; fileRef = C5D23B98277146C200AE3F47 /* CoreDataRepository.swift */; };
/* End PBXBuildFile section */

/* Begin PBXFileReference section */
		C52737CB27619F26003DBD70 /* SimpleWeather.app */ = {isa = PBXFileReference; explicitFileType = wrapper.application; includeInIndex = 0; path = SimpleWeather.app; sourceTree = BUILT_PRODUCTS_DIR; };
		C52737CE27619F26003DBD70 /* SimpleWeatherApp.swift */ = {isa = PBXFileReference; lastKnownFileType = sourcecode.swift; path = SimpleWeatherApp.swift; sourceTree = "<group>"; };
		C52737D227619F27003DBD70 /* Assets.xcassets */ = {isa = PBXFileReference; lastKnownFileType = folder.assetcatalog; path = Assets.xcassets; sourceTree = "<group>"; };
		C52737D527619F27003DBD70 /* Preview Assets.xcassets */ = {isa = PBXFileReference; lastKnownFileType = folder.assetcatalog; path = "Preview Assets.xcassets"; sourceTree = "<group>"; };
		C52737DD27619FDE003DBD70 /* CoreDataController.swift */ = {isa = PBXFileReference; lastKnownFileType = sourcecode.swift; path = CoreDataController.swift; sourceTree = "<group>"; };
		C52737E12761A01E003DBD70 /* LoadingIndicator.swift */ = {isa = PBXFileReference; lastKnownFileType = sourcecode.swift; path = LoadingIndicator.swift; sourceTree = "<group>"; };
		C52737E92761A090003DBD70 /* View+Extensions.swift */ = {isa = PBXFileReference; lastKnownFileType = sourcecode.swift; path = "View+Extensions.swift"; sourceTree = "<group>"; };
		C52737F02761A0F5003DBD70 /* ForecastAPIClient.swift */ = {isa = PBXFileReference; lastKnownFileType = sourcecode.swift; path = ForecastAPIClient.swift; sourceTree = "<group>"; };
		C52737F32761A121003DBD70 /* CityForecastDataModel.swift */ = {isa = PBXFileReference; lastKnownFileType = sourcecode.swift; path = CityForecastDataModel.swift; sourceTree = "<group>"; };
		C52737F82761A154003DBD70 /* CityForecastView.swift */ = {isa = PBXFileReference; lastKnownFileType = sourcecode.swift; path = CityForecastView.swift; sourceTree = "<group>"; };
		C52737FA2761A161003DBD70 /* CityForecastViewModel.swift */ = {isa = PBXFileReference; lastKnownFileType = sourcecode.swift; path = CityForecastViewModel.swift; sourceTree = "<group>"; };
		C52737FD2761A38E003DBD70 /* CityInfo.xcdatamodel */ = {isa = PBXFileReference; lastKnownFileType = wrapper.xcdatamodel; path = CityInfo.xcdatamodel; sourceTree = "<group>"; };
		C52738002761BB09003DBD70 /* SearchHistoryView.swift */ = {isa = PBXFileReference; lastKnownFileType = sourcecode.swift; path = SearchHistoryView.swift; sourceTree = "<group>"; };
		C52738032761BEA4003DBD70 /* CityDetailView.swift */ = {isa = PBXFileReference; lastKnownFileType = sourcecode.swift; path = CityDetailView.swift; sourceTree = "<group>"; };
		C5273805276230D4003DBD70 /* CityDetailViewModel.swift */ = {isa = PBXFileReference; lastKnownFileType = sourcecode.swift; path = CityDetailViewModel.swift; sourceTree = "<group>"; };
		C527380727623263003DBD70 /* MapView.swift */ = {isa = PBXFileReference; lastKnownFileType = sourcecode.swift; path = MapView.swift; sourceTree = "<group>"; };
		C527380B27623DDB003DBD70 /* Date+Extensions.swift */ = {isa = PBXFileReference; lastKnownFileType = sourcecode.swift; path = "Date+Extensions.swift"; sourceTree = "<group>"; };
		C5408F04276F6FA500CF7847 /* SearchHistoryViewModel.swift */ = {isa = PBXFileReference; lastKnownFileType = sourcecode.swift; path = SearchHistoryViewModel.swift; sourceTree = "<group>"; };
		C54277882772BEF600FC39EB /* Array+Extensions.swift */ = {isa = PBXFileReference; lastKnownFileType = sourcecode.swift; path = "Array+Extensions.swift"; sourceTree = "<group>"; };
		C5D23B98277146C200AE3F47 /* CoreDataRepository.swift */ = {isa = PBXFileReference; lastKnownFileType = sourcecode.swift; path = CoreDataRepository.swift; sourceTree = "<group>"; };
/* End PBXFileReference section */

/* Begin PBXFrameworksBuildPhase section */
		C52737C827619F26003DBD70 /* Frameworks */ = {
			isa = PBXFrameworksBuildPhase;
			buildActionMask = 2147483647;
			files = (
			);
			runOnlyForDeploymentPostprocessing = 0;
		};
/* End PBXFrameworksBuildPhase section */

/* Begin PBXGroup section */
		C52737C227619F26003DBD70 = {
			isa = PBXGroup;
			children = (
				C52737CD27619F26003DBD70 /* SimpleWeather */,
				C52737CC27619F26003DBD70 /* Products */,
			);
			sourceTree = "<group>";
		};
		C52737CC27619F26003DBD70 /* Products */ = {
			isa = PBXGroup;
			children = (
				C52737CB27619F26003DBD70 /* SimpleWeather.app */,
			);
			name = Products;
			sourceTree = "<group>";
		};
		C52737CD27619F26003DBD70 /* SimpleWeather */ = {
			isa = PBXGroup;
			children = (
				C52737F52761A135003DBD70 /* Scenes */,
				C52737EB2761A0A5003DBD70 /* Network */,
				C52737DF27619FF2003DBD70 /* Utils */,
				C52737DC27619F9A003DBD70 /* Persistance */,
				C52737CE27619F26003DBD70 /* SimpleWeatherApp.swift */,
				C52737D227619F27003DBD70 /* Assets.xcassets */,
				C52737D427619F27003DBD70 /* Preview Content */,
			);
			path = SimpleWeather;
			sourceTree = "<group>";
		};
		C52737D427619F27003DBD70 /* Preview Content */ = {
			isa = PBXGroup;
			children = (
				C52737D527619F27003DBD70 /* Preview Assets.xcassets */,
			);
			path = "Preview Content";
			sourceTree = "<group>";
		};
		C52737DC27619F9A003DBD70 /* Persistance */ = {
			isa = PBXGroup;
			children = (
				C52737DD27619FDE003DBD70 /* CoreDataController.swift */,
				C52737FC2761A38E003DBD70 /* CityInfo.xcdatamodeld */,
				C5D23B98277146C200AE3F47 /* CoreDataRepository.swift */,
			);
			path = Persistance;
			sourceTree = "<group>";
		};
		C52737DF27619FF2003DBD70 /* Utils */ = {
			isa = PBXGroup;
			children = (
				C52737E82761A079003DBD70 /* Extensions */,
				C52737E02761A000003DBD70 /* UIComponents */,
			);
			path = Utils;
			sourceTree = "<group>";
		};
		C52737E02761A000003DBD70 /* UIComponents */ = {
			isa = PBXGroup;
			children = (
				C52737E12761A01E003DBD70 /* LoadingIndicator.swift */,
				C527380727623263003DBD70 /* MapView.swift */,
			);
			path = UIComponents;
			sourceTree = "<group>";
		};
		C52737E82761A079003DBD70 /* Extensions */ = {
			isa = PBXGroup;
			children = (
				C52737E92761A090003DBD70 /* View+Extensions.swift */,
				C527380B27623DDB003DBD70 /* Date+Extensions.swift */,
				C54277882772BEF600FC39EB /* Array+Extensions.swift */,
			);
			path = Extensions;
			sourceTree = "<group>";
		};
		C52737EB2761A0A5003DBD70 /* Network */ = {
			isa = PBXGroup;
			children = (
				C52737F22761A10C003DBD70 /* DataModels */,
				C52737F02761A0F5003DBD70 /* ForecastAPIClient.swift */,
			);
			path = Network;
			sourceTree = "<group>";
		};
		C52737F22761A10C003DBD70 /* DataModels */ = {
			isa = PBXGroup;
			children = (
				C52737F32761A121003DBD70 /* CityForecastDataModel.swift */,
			);
			path = DataModels;
			sourceTree = "<group>";
		};
		C52737F52761A135003DBD70 /* Scenes */ = {
			isa = PBXGroup;
			children = (
				C52738022761BE8B003DBD70 /* CityDetailView */,
				C52737FF2761BAF3003DBD70 /* SearchHistory */,
				C52737F62761A13C003DBD70 /* CityForecast */,
			);
			path = Scenes;
			sourceTree = "<group>";
		};
		C52737F62761A13C003DBD70 /* CityForecast */ = {
			isa = PBXGroup;
			children = (
				C52737F82761A154003DBD70 /* CityForecastView.swift */,
				C52737FA2761A161003DBD70 /* CityForecastViewModel.swift */,
			);
			path = CityForecast;
			sourceTree = "<group>";
		};
		C52737FF2761BAF3003DBD70 /* SearchHistory */ = {
			isa = PBXGroup;
			children = (
				C52738002761BB09003DBD70 /* SearchHistoryView.swift */,
				C5408F04276F6FA500CF7847 /* SearchHistoryViewModel.swift */,
			);
			path = SearchHistory;
			sourceTree = "<group>";
		};
		C52738022761BE8B003DBD70 /* CityDetailView */ = {
			isa = PBXGroup;
			children = (
				C52738032761BEA4003DBD70 /* CityDetailView.swift */,
				C5273805276230D4003DBD70 /* CityDetailViewModel.swift */,
			);
			path = CityDetailView;
			sourceTree = "<group>";
		};
/* End PBXGroup section */

/* Begin PBXNativeTarget section */
		C52737CA27619F26003DBD70 /* SimpleWeather */ = {
			isa = PBXNativeTarget;
			buildConfigurationList = C52737D927619F27003DBD70 /* Build configuration list for PBXNativeTarget "SimpleWeather" */;
			buildPhases = (
				C52737C727619F26003DBD70 /* Sources */,
				C52737C827619F26003DBD70 /* Frameworks */,
				C52737C927619F26003DBD70 /* Resources */,
			);
			buildRules = (
			);
			dependencies = (
			);
			name = SimpleWeather;
			productName = SimpleWeather;
			productReference = C52737CB27619F26003DBD70 /* SimpleWeather.app */;
			productType = "com.apple.product-type.application";
		};
/* End PBXNativeTarget section */

/* Begin PBXProject section */
		C52737C327619F26003DBD70 /* Project object */ = {
			isa = PBXProject;
			attributes = {
				BuildIndependentTargetsInParallel = 1;
				LastSwiftUpdateCheck = 1310;
				LastUpgradeCheck = 1310;
				TargetAttributes = {
					C52737CA27619F26003DBD70 = {
						CreatedOnToolsVersion = 13.1;
					};
				};
			};
			buildConfigurationList = C52737C627619F26003DBD70 /* Build configuration list for PBXProject "SimpleWeather" */;
			compatibilityVersion = "Xcode 13.0";
			developmentRegion = en;
			hasScannedForEncodings = 0;
			knownRegions = (
				en,
				Base,
			);
			mainGroup = C52737C227619F26003DBD70;
			productRefGroup = C52737CC27619F26003DBD70 /* Products */;
			projectDirPath = "";
			projectRoot = "";
			targets = (
				C52737CA27619F26003DBD70 /* SimpleWeather */,
			);
		};
/* End PBXProject section */

/* Begin PBXResourcesBuildPhase section */
		C52737C927619F26003DBD70 /* Resources */ = {
			isa = PBXResourcesBuildPhase;
			buildActionMask = 2147483647;
			files = (
				C52737D627619F27003DBD70 /* Preview Assets.xcassets in Resources */,
				C52737D327619F27003DBD70 /* Assets.xcassets in Resources */,
			);
			runOnlyForDeploymentPostprocessing = 0;
		};
/* End PBXResourcesBuildPhase section */

/* Begin PBXSourcesBuildPhase section */
		C52737C727619F26003DBD70 /* Sources */ = {
			isa = PBXSourcesBuildPhase;
			buildActionMask = 2147483647;
			files = (
				C52738042761BEA4003DBD70 /* CityDetailView.swift in Sources */,
				C527380827623263003DBD70 /* MapView.swift in Sources */,
				C52737E22761A01E003DBD70 /* LoadingIndicator.swift in Sources */,
				C52737F42761A121003DBD70 /* CityForecastDataModel.swift in Sources */,
				C52737EA2761A090003DBD70 /* View+Extensions.swift in Sources */,
				C52738012761BB09003DBD70 /* SearchHistoryView.swift in Sources */,
				C527380C27623DDB003DBD70 /* Date+Extensions.swift in Sources */,
				C52737FB2761A161003DBD70 /* CityForecastViewModel.swift in Sources */,
				C52737FE2761A38E003DBD70 /* CityInfo.xcdatamodeld in Sources */,
				C54277892772BEF600FC39EB /* Array+Extensions.swift in Sources */,
				C5408F05276F6FA500CF7847 /* SearchHistoryViewModel.swift in Sources */,
				C52737F92761A154003DBD70 /* CityForecastView.swift in Sources */,
				C5D23B99277146C200AE3F47 /* CoreDataRepository.swift in Sources */,
				C52737F12761A0F5003DBD70 /* ForecastAPIClient.swift in Sources */,
				C5273806276230D4003DBD70 /* CityDetailViewModel.swift in Sources */,
				C52737CF27619F26003DBD70 /* SimpleWeatherApp.swift in Sources */,
				C52737DE27619FDE003DBD70 /* CoreDataController.swift in Sources */,
			);
			runOnlyForDeploymentPostprocessing = 0;
		};
/* End PBXSourcesBuildPhase section */

/* Begin XCBuildConfiguration section */
		C52737D727619F27003DBD70 /* Debug */ = {
			isa = XCBuildConfiguration;
			buildSettings = {
				ALWAYS_SEARCH_USER_PATHS = NO;
				CLANG_ANALYZER_NONNULL = YES;
				CLANG_ANALYZER_NUMBER_OBJECT_CONVERSION = YES_AGGRESSIVE;
				CLANG_CXX_LANGUAGE_STANDARD = "gnu++17";
				CLANG_CXX_LIBRARY = "libc++";
				CLANG_ENABLE_MODULES = YES;
				CLANG_ENABLE_OBJC_ARC = YES;
				CLANG_ENABLE_OBJC_WEAK = YES;
				CLANG_WARN_BLOCK_CAPTURE_AUTORELEASING = YES;
				CLANG_WARN_BOOL_CONVERSION = YES;
				CLANG_WARN_COMMA = YES;
				CLANG_WARN_CONSTANT_CONVERSION = YES;
				CLANG_WARN_DEPRECATED_OBJC_IMPLEMENTATIONS = YES;
				CLANG_WARN_DIRECT_OBJC_ISA_USAGE = YES_ERROR;
				CLANG_WARN_DOCUMENTATION_COMMENTS = YES;
				CLANG_WARN_EMPTY_BODY = YES;
				CLANG_WARN_ENUM_CONVERSION = YES;
				CLANG_WARN_INFINITE_RECURSION = YES;
				CLANG_WARN_INT_CONVERSION = YES;
				CLANG_WARN_NON_LITERAL_NULL_CONVERSION = YES;
				CLANG_WARN_OBJC_IMPLICIT_RETAIN_SELF = YES;
				CLANG_WARN_OBJC_LITERAL_CONVERSION = YES;
				CLANG_WARN_OBJC_ROOT_CLASS = YES_ERROR;
				CLANG_WARN_QUOTED_INCLUDE_IN_FRAMEWORK_HEADER = YES;
				CLANG_WARN_RANGE_LOOP_ANALYSIS = YES;
				CLANG_WARN_STRICT_PROTOTYPES = YES;
				CLANG_WARN_SUSPICIOUS_MOVE = YES;
				CLANG_WARN_UNGUARDED_AVAILABILITY = YES_AGGRESSIVE;
				CLANG_WARN_UNREACHABLE_CODE = YES;
				CLANG_WARN__DUPLICATE_METHOD_MATCH = YES;
				COPY_PHASE_STRIP = NO;
				DEBUG_INFORMATION_FORMAT = dwarf;
				ENABLE_STRICT_OBJC_MSGSEND = YES;
				ENABLE_TESTABILITY = YES;
				GCC_C_LANGUAGE_STANDARD = gnu11;
				GCC_DYNAMIC_NO_PIC = NO;
				GCC_NO_COMMON_BLOCKS = YES;
				GCC_OPTIMIZATION_LEVEL = 0;
				GCC_PREPROCESSOR_DEFINITIONS = (
					"DEBUG=1",
					"$(inherited)",
				);
				GCC_WARN_64_TO_32_BIT_CONVERSION = YES;
				GCC_WARN_ABOUT_RETURN_TYPE = YES_ERROR;
				GCC_WARN_UNDECLARED_SELECTOR = YES;
				GCC_WARN_UNINITIALIZED_AUTOS = YES_AGGRESSIVE;
				GCC_WARN_UNUSED_FUNCTION = YES;
				GCC_WARN_UNUSED_VARIABLE = YES;
				IPHONEOS_DEPLOYMENT_TARGET = 15.0;
				MTL_ENABLE_DEBUG_INFO = INCLUDE_SOURCE;
				MTL_FAST_MATH = YES;
				ONLY_ACTIVE_ARCH = YES;
				SDKROOT = iphoneos;
				SWIFT_ACTIVE_COMPILATION_CONDITIONS = DEBUG;
				SWIFT_OPTIMIZATION_LEVEL = "-Onone";
			};
			name = Debug;
		};
		C52737D827619F27003DBD70 /* Release */ = {
			isa = XCBuildConfiguration;
			buildSettings = {
				ALWAYS_SEARCH_USER_PATHS = NO;
				CLANG_ANALYZER_NONNULL = YES;
				CLANG_ANALYZER_NUMBER_OBJECT_CONVERSION = YES_AGGRESSIVE;
				CLANG_CXX_LANGUAGE_STANDARD = "gnu++17";
				CLANG_CXX_LIBRARY = "libc++";
				CLANG_ENABLE_MODULES = YES;
				CLANG_ENABLE_OBJC_ARC = YES;
				CLANG_ENABLE_OBJC_WEAK = YES;
				CLANG_WARN_BLOCK_CAPTURE_AUTORELEASING = YES;
				CLANG_WARN_BOOL_CONVERSION = YES;
				CLANG_WARN_COMMA = YES;
				CLANG_WARN_CONSTANT_CONVERSION = YES;
				CLANG_WARN_DEPRECATED_OBJC_IMPLEMENTATIONS = YES;
				CLANG_WARN_DIRECT_OBJC_ISA_USAGE = YES_ERROR;
				CLANG_WARN_DOCUMENTATION_COMMENTS = YES;
				CLANG_WARN_EMPTY_BODY = YES;
				CLANG_WARN_ENUM_CONVERSION = YES;
				CLANG_WARN_INFINITE_RECURSION = YES;
				CLANG_WARN_INT_CONVERSION = YES;
				CLANG_WARN_NON_LITERAL_NULL_CONVERSION = YES;
				CLANG_WARN_OBJC_IMPLICIT_RETAIN_SELF = YES;
				CLANG_WARN_OBJC_LITERAL_CONVERSION = YES;
				CLANG_WARN_OBJC_ROOT_CLASS = YES_ERROR;
				CLANG_WARN_QUOTED_INCLUDE_IN_FRAMEWORK_HEADER = YES;
				CLANG_WARN_RANGE_LOOP_ANALYSIS = YES;
				CLANG_WARN_STRICT_PROTOTYPES = YES;
				CLANG_WARN_SUSPICIOUS_MOVE = YES;
				CLANG_WARN_UNGUARDED_AVAILABILITY = YES_AGGRESSIVE;
				CLANG_WARN_UNREACHABLE_CODE = YES;
				CLANG_WARN__DUPLICATE_METHOD_MATCH = YES;
				COPY_PHASE_STRIP = NO;
				DEBUG_INFORMATION_FORMAT = "dwarf-with-dsym";
				ENABLE_NS_ASSERTIONS = NO;
				ENABLE_STRICT_OBJC_MSGSEND = YES;
				GCC_C_LANGUAGE_STANDARD = gnu11;
				GCC_NO_COMMON_BLOCKS = YES;
				GCC_WARN_64_TO_32_BIT_CONVERSION = YES;
				GCC_WARN_ABOUT_RETURN_TYPE = YES_ERROR;
				GCC_WARN_UNDECLARED_SELECTOR = YES;
				GCC_WARN_UNINITIALIZED_AUTOS = YES_AGGRESSIVE;
				GCC_WARN_UNUSED_FUNCTION = YES;
				GCC_WARN_UNUSED_VARIABLE = YES;
				IPHONEOS_DEPLOYMENT_TARGET = 15.0;
				MTL_ENABLE_DEBUG_INFO = NO;
				MTL_FAST_MATH = YES;
				SDKROOT = iphoneos;
				SWIFT_COMPILATION_MODE = wholemodule;
				SWIFT_OPTIMIZATION_LEVEL = "-O";
				VALIDATE_PRODUCT = YES;
			};
			name = Release;
		};
		C52737DA27619F27003DBD70 /* Debug */ = {
			isa = XCBuildConfiguration;
			buildSettings = {
				ASSETCATALOG_COMPILER_APPICON_NAME = AppIcon;
				ASSETCATALOG_COMPILER_GLOBAL_ACCENT_COLOR_NAME = AccentColor;
				CODE_SIGN_STYLE = Automatic;
				CURRENT_PROJECT_VERSION = 1;
				DEVELOPMENT_ASSET_PATHS = "\"SimpleWeather/Preview Content\"";
				DEVELOPMENT_TEAM = 6L286NU984;
				ENABLE_PREVIEWS = YES;
				GENERATE_INFOPLIST_FILE = YES;
				INFOPLIST_KEY_UIApplicationSceneManifest_Generation = YES;
				INFOPLIST_KEY_UIApplicationSupportsIndirectInputEvents = YES;
				INFOPLIST_KEY_UILaunchScreen_Generation = YES;
				INFOPLIST_KEY_UISupportedInterfaceOrientations = "";
				INFOPLIST_KEY_UISupportedInterfaceOrientations_iPad = "UIInterfaceOrientationPortrait UIInterfaceOrientationPortraitUpsideDown UIInterfaceOrientationLandscapeLeft UIInterfaceOrientationLandscapeRight";
				INFOPLIST_KEY_UISupportedInterfaceOrientations_iPhone = "UIInterfaceOrientationPortrait UIInterfaceOrientationLandscapeLeft UIInterfaceOrientationLandscapeRight";
				LD_RUNPATH_SEARCH_PATHS = (
					"$(inherited)",
					"@executable_path/Frameworks",
				);
				MARKETING_VERSION = 1.0;
				PRODUCT_BUNDLE_IDENTIFIER = com.merli.SimpleWeather;
				PRODUCT_NAME = "$(TARGET_NAME)";
				SWIFT_EMIT_LOC_STRINGS = YES;
				SWIFT_VERSION = 5.0;
				TARGETED_DEVICE_FAMILY = 1;
			};
			name = Debug;
		};
		C52737DB27619F27003DBD70 /* Release */ = {
			isa = XCBuildConfiguration;
			buildSettings = {
				ASSETCATALOG_COMPILER_APPICON_NAME = AppIcon;
				ASSETCATALOG_COMPILER_GLOBAL_ACCENT_COLOR_NAME = AccentColor;
				CODE_SIGN_STYLE = Automatic;
				CURRENT_PROJECT_VERSION = 1;
				DEVELOPMENT_ASSET_PATHS = "\"SimpleWeather/Preview Content\"";
				DEVELOPMENT_TEAM = 6L286NU984;
				ENABLE_PREVIEWS = YES;
				GENERATE_INFOPLIST_FILE = YES;
				INFOPLIST_KEY_UIApplicationSceneManifest_Generation = YES;
				INFOPLIST_KEY_UIApplicationSupportsIndirectInputEvents = YES;
				INFOPLIST_KEY_UILaunchScreen_Generation = YES;
				INFOPLIST_KEY_UISupportedInterfaceOrientations = "";
				INFOPLIST_KEY_UISupportedInterfaceOrientations_iPad = "UIInterfaceOrientationPortrait UIInterfaceOrientationPortraitUpsideDown UIInterfaceOrientationLandscapeLeft UIInterfaceOrientationLandscapeRight";
				INFOPLIST_KEY_UISupportedInterfaceOrientations_iPhone = "UIInterfaceOrientationPortrait UIInterfaceOrientationLandscapeLeft UIInterfaceOrientationLandscapeRight";
				LD_RUNPATH_SEARCH_PATHS = (
					"$(inherited)",
					"@executable_path/Frameworks",
				);
				MARKETING_VERSION = 1.0;
				PRODUCT_BUNDLE_IDENTIFIER = com.merli.SimpleWeather;
				PRODUCT_NAME = "$(TARGET_NAME)";
				SWIFT_EMIT_LOC_STRINGS = YES;
				SWIFT_VERSION = 5.0;
				TARGETED_DEVICE_FAMILY = 1;
			};
			name = Release;
		};
/* End XCBuildConfiguration section */

/* Begin XCConfigurationList section */
		C52737C627619F26003DBD70 /* Build configuration list for PBXProject "SimpleWeather" */ = {
			isa = XCConfigurationList;
			buildConfigurations = (
				C52737D727619F27003DBD70 /* Debug */,
				C52737D827619F27003DBD70 /* Release */,
			);
			defaultConfigurationIsVisible = 0;
			defaultConfigurationName = Release;
		};
		C52737D927619F27003DBD70 /* Build configuration list for PBXNativeTarget "SimpleWeather" */ = {
			isa = XCConfigurationList;
			buildConfigurations = (
				C52737DA27619F27003DBD70 /* Debug */,
				C52737DB27619F27003DBD70 /* Release */,
			);
			defaultConfigurationIsVisible = 0;
			defaultConfigurationName = Release;
		};
/* End XCConfigurationList section */

/* Begin XCVersionGroup section */
		C52737FC2761A38E003DBD70 /* CityInfo.xcdatamodeld */ = {
			isa = XCVersionGroup;
			children = (
				C52737FD2761A38E003DBD70 /* CityInfo.xcdatamodel */,
			);
			currentVersion = C52737FD2761A38E003DBD70 /* CityInfo.xcdatamodel */;
			path = CityInfo.xcdatamodeld;
			sourceTree = "<group>";
			versionGroupType = wrapper.xcdatamodel;
		};
/* End XCVersionGroup section */
	};
	rootObject = C52737C327619F26003DBD70 /* Project object */;
}
